// !$*UTF8*$!
{
	archiveVersion = 1;
	classes = {
	};
	objectVersion = 46;
	objects = {

/* Begin PBXBuildFile section */
		6A41B78C1760AD50009E81A7 /* UlfLogo.png in Resources */ = {isa = PBXBuildFile; fileRef = 6A41B78A1760AD50009E81A7 /* UlfLogo.png */; };
		6A41B78D1760AD50009E81A7 /* UlfLogo@2x.png in Resources */ = {isa = PBXBuildFile; fileRef = 6A41B78B1760AD50009E81A7 /* UlfLogo@2x.png */; };
		6A41B7A21760B34B009E81A7 /* FacebookButton.png in Resources */ = {isa = PBXBuildFile; fileRef = 6A41B79E1760B34B009E81A7 /* FacebookButton.png */; };
		6A41B7A31760B34B009E81A7 /* FacebookButton@2x.png in Resources */ = {isa = PBXBuildFile; fileRef = 6A41B79F1760B34B009E81A7 /* FacebookButton@2x.png */; };
		6A41B7A41760B34B009E81A7 /* FacebookButtonPressed.png in Resources */ = {isa = PBXBuildFile; fileRef = 6A41B7A01760B34B009E81A7 /* FacebookButtonPressed.png */; };
		6A41B7A51760B34B009E81A7 /* FacebookButtonPressed@2x.png in Resources */ = {isa = PBXBuildFile; fileRef = 6A41B7A11760B34B009E81A7 /* FacebookButtonPressed@2x.png */; };
		6AB12AE4175E85810015B732 /* UIKit.framework in Frameworks */ = {isa = PBXBuildFile; fileRef = 6AB12AE3175E85810015B732 /* UIKit.framework */; settings = {ATTRIBUTES = (Weak, ); }; };
		6AB12AE6175E85810015B732 /* Foundation.framework in Frameworks */ = {isa = PBXBuildFile; fileRef = 6AB12AE5175E85810015B732 /* Foundation.framework */; };
		6AB12AE8175E85810015B732 /* CoreGraphics.framework in Frameworks */ = {isa = PBXBuildFile; fileRef = 6AB12AE7175E85810015B732 /* CoreGraphics.framework */; };
		6AB12AEE175E85810015B732 /* InfoPlist.strings in Resources */ = {isa = PBXBuildFile; fileRef = 6AB12AEC175E85810015B732 /* InfoPlist.strings */; };
		6AB12AF0175E85810015B732 /* main.m in Sources */ = {isa = PBXBuildFile; fileRef = 6AB12AEF175E85810015B732 /* main.m */; };
		6AB12AF4175E85810015B732 /* AppDelegate.m in Sources */ = {isa = PBXBuildFile; fileRef = 6AB12AF3175E85810015B732 /* AppDelegate.m */; };
		6AB12AF6175E85810015B732 /* Default.png in Resources */ = {isa = PBXBuildFile; fileRef = 6AB12AF5175E85810015B732 /* Default.png */; };
		6AB12AF8175E85810015B732 /* Default@2x.png in Resources */ = {isa = PBXBuildFile; fileRef = 6AB12AF7175E85810015B732 /* Default@2x.png */; };
		6AB12AFA175E85810015B732 /* Default-568h@2x.png in Resources */ = {isa = PBXBuildFile; fileRef = 6AB12AF9175E85810015B732 /* Default-568h@2x.png */; };
		6AB12AFD175E85810015B732 /* MainStoryboard.storyboard in Resources */ = {isa = PBXBuildFile; fileRef = 6AB12AFB175E85810015B732 /* MainStoryboard.storyboard */; };
		6AB12B00175E85810015B732 /* LoginViewController.m in Sources */ = {isa = PBXBuildFile; fileRef = 6AB12AFF175E85810015B732 /* LoginViewController.m */; };
		6AB12B07175E88B00015B732 /* logo_ulf.jpg in Resources */ = {isa = PBXBuildFile; fileRef = 6AB12B06175E88B00015B732 /* logo_ulf.jpg */; };
		6AEF9DA7175F884800067F7E /* MenuViewController.m in Sources */ = {isa = PBXBuildFile; fileRef = 6AEF9DA6175F884800067F7E /* MenuViewController.m */; };
		6AEF9DAC175F915200067F7E /* FacebookSDK.framework in Frameworks */ = {isa = PBXBuildFile; fileRef = 6AEF9DAB175F915200067F7E /* FacebookSDK.framework */; };
		6AEF9DAE175F917400067F7E /* Accounts.framework in Frameworks */ = {isa = PBXBuildFile; fileRef = 6AEF9DAD175F917400067F7E /* Accounts.framework */; settings = {ATTRIBUTES = (Weak, ); }; };
		6AEF9DB0175F917900067F7E /* AdSupport.framework in Frameworks */ = {isa = PBXBuildFile; fileRef = 6AEF9DAF175F917900067F7E /* AdSupport.framework */; settings = {ATTRIBUTES = (Weak, ); }; };
		6AEF9DB2175F918000067F7E /* libsqlite3.dylib in Frameworks */ = {isa = PBXBuildFile; fileRef = 6AEF9DB1175F918000067F7E /* libsqlite3.dylib */; settings = {ATTRIBUTES = (Weak, ); }; };
		6AEF9DB4175F918600067F7E /* Security.framework in Frameworks */ = {isa = PBXBuildFile; fileRef = 6AEF9DB3175F918600067F7E /* Security.framework */; settings = {ATTRIBUTES = (Weak, ); }; };
		6AEF9DB6175F918E00067F7E /* Social.framework in Frameworks */ = {isa = PBXBuildFile; fileRef = 6AEF9DB5175F918E00067F7E /* Social.framework */; settings = {ATTRIBUTES = (Weak, ); }; };
/* End PBXBuildFile section */

/* Begin PBXFileReference section */
		6A41B78A1760AD50009E81A7 /* UlfLogo.png */ = {isa = PBXFileReference; lastKnownFileType = image.png; path = UlfLogo.png; sourceTree = "<group>"; };
		6A41B78B1760AD50009E81A7 /* UlfLogo@2x.png */ = {isa = PBXFileReference; lastKnownFileType = image.png; path = "UlfLogo@2x.png"; sourceTree = "<group>"; };
		6A41B79E1760B34B009E81A7 /* FacebookButton.png */ = {isa = PBXFileReference; lastKnownFileType = image.png; path = FacebookButton.png; sourceTree = "<group>"; };
		6A41B79F1760B34B009E81A7 /* FacebookButton@2x.png */ = {isa = PBXFileReference; lastKnownFileType = image.png; path = "FacebookButton@2x.png"; sourceTree = "<group>"; };
		6A41B7A01760B34B009E81A7 /* FacebookButtonPressed.png */ = {isa = PBXFileReference; lastKnownFileType = image.png; path = FacebookButtonPressed.png; sourceTree = "<group>"; };
		6A41B7A11760B34B009E81A7 /* FacebookButtonPressed@2x.png */ = {isa = PBXFileReference; lastKnownFileType = image.png; path = "FacebookButtonPressed@2x.png"; sourceTree = "<group>"; };
		6AB12AE0175E85810015B732 /* Ulf.app */ = {isa = PBXFileReference; explicitFileType = wrapper.application; includeInIndex = 0; path = Ulf.app; sourceTree = BUILT_PRODUCTS_DIR; };
		6AB12AE3175E85810015B732 /* UIKit.framework */ = {isa = PBXFileReference; lastKnownFileType = wrapper.framework; name = UIKit.framework; path = System/Library/Frameworks/UIKit.framework; sourceTree = SDKROOT; };
		6AB12AE5175E85810015B732 /* Foundation.framework */ = {isa = PBXFileReference; lastKnownFileType = wrapper.framework; name = Foundation.framework; path = System/Library/Frameworks/Foundation.framework; sourceTree = SDKROOT; };
		6AB12AE7175E85810015B732 /* CoreGraphics.framework */ = {isa = PBXFileReference; lastKnownFileType = wrapper.framework; name = CoreGraphics.framework; path = System/Library/Frameworks/CoreGraphics.framework; sourceTree = SDKROOT; };
		6AB12AEB175E85810015B732 /* Ulf-Info.plist */ = {isa = PBXFileReference; lastKnownFileType = text.plist.xml; path = "Ulf-Info.plist"; sourceTree = "<group>"; };
		6AB12AED175E85810015B732 /* en */ = {isa = PBXFileReference; lastKnownFileType = text.plist.strings; name = en; path = en.lproj/InfoPlist.strings; sourceTree = "<group>"; };
		6AB12AEF175E85810015B732 /* main.m */ = {isa = PBXFileReference; lastKnownFileType = sourcecode.c.objc; path = main.m; sourceTree = "<group>"; };
		6AB12AF1175E85810015B732 /* Ulf-Prefix.pch */ = {isa = PBXFileReference; lastKnownFileType = sourcecode.c.h; path = "Ulf-Prefix.pch"; sourceTree = "<group>"; };
		6AB12AF2175E85810015B732 /* AppDelegate.h */ = {isa = PBXFileReference; lastKnownFileType = sourcecode.c.h; path = AppDelegate.h; sourceTree = "<group>"; };
		6AB12AF3175E85810015B732 /* AppDelegate.m */ = {isa = PBXFileReference; lastKnownFileType = sourcecode.c.objc; path = AppDelegate.m; sourceTree = "<group>"; };
		6AB12AF5175E85810015B732 /* Default.png */ = {isa = PBXFileReference; lastKnownFileType = image.png; path = Default.png; sourceTree = "<group>"; };
		6AB12AF7175E85810015B732 /* Default@2x.png */ = {isa = PBXFileReference; lastKnownFileType = image.png; path = "Default@2x.png"; sourceTree = "<group>"; };
		6AB12AF9175E85810015B732 /* Default-568h@2x.png */ = {isa = PBXFileReference; lastKnownFileType = image.png; path = "Default-568h@2x.png"; sourceTree = "<group>"; };
		6AB12AFC175E85810015B732 /* en */ = {isa = PBXFileReference; lastKnownFileType = file.storyboard; name = en; path = en.lproj/MainStoryboard.storyboard; sourceTree = "<group>"; };
		6AB12AFE175E85810015B732 /* LoginViewController.h */ = {isa = PBXFileReference; lastKnownFileType = sourcecode.c.h; path = LoginViewController.h; sourceTree = "<group>"; };
		6AB12AFF175E85810015B732 /* LoginViewController.m */ = {isa = PBXFileReference; lastKnownFileType = sourcecode.c.objc; path = LoginViewController.m; sourceTree = "<group>"; };
		6AB12B06175E88B00015B732 /* logo_ulf.jpg */ = {isa = PBXFileReference; lastKnownFileType = image.jpeg; path = logo_ulf.jpg; sourceTree = "<group>"; };
		6AEF9DA5175F884800067F7E /* MenuViewController.h */ = {isa = PBXFileReference; fileEncoding = 4; lastKnownFileType = sourcecode.c.h; path = MenuViewController.h; sourceTree = "<group>"; };
		6AEF9DA6175F884800067F7E /* MenuViewController.m */ = {isa = PBXFileReference; fileEncoding = 4; lastKnownFileType = sourcecode.c.objc; path = MenuViewController.m; sourceTree = "<group>"; };
		6AEF9DAB175F915200067F7E /* FacebookSDK.framework */ = {isa = PBXFileReference; lastKnownFileType = wrapper.framework; path = FacebookSDK.framework; sourceTree = "<group>"; };
		6AEF9DAD175F917400067F7E /* Accounts.framework */ = {isa = PBXFileReference; lastKnownFileType = wrapper.framework; name = Accounts.framework; path = System/Library/Frameworks/Accounts.framework; sourceTree = SDKROOT; };
		6AEF9DAF175F917900067F7E /* AdSupport.framework */ = {isa = PBXFileReference; lastKnownFileType = wrapper.framework; name = AdSupport.framework; path = System/Library/Frameworks/AdSupport.framework; sourceTree = SDKROOT; };
		6AEF9DB1175F918000067F7E /* libsqlite3.dylib */ = {isa = PBXFileReference; lastKnownFileType = "compiled.mach-o.dylib"; name = libsqlite3.dylib; path = usr/lib/libsqlite3.dylib; sourceTree = SDKROOT; };
		6AEF9DB3175F918600067F7E /* Security.framework */ = {isa = PBXFileReference; lastKnownFileType = wrapper.framework; name = Security.framework; path = System/Library/Frameworks/Security.framework; sourceTree = SDKROOT; };
		6AEF9DB5175F918E00067F7E /* Social.framework */ = {isa = PBXFileReference; lastKnownFileType = wrapper.framework; name = Social.framework; path = System/Library/Frameworks/Social.framework; sourceTree = SDKROOT; };
/* End PBXFileReference section */

/* Begin PBXFrameworksBuildPhase section */
		6AB12ADD175E85810015B732 /* Frameworks */ = {
			isa = PBXFrameworksBuildPhase;
			buildActionMask = 2147483647;
			files = (
				6AB12AE4175E85810015B732 /* UIKit.framework in Frameworks */,
				6AEF9DB6175F918E00067F7E /* Social.framework in Frameworks */,
				6AEF9DB4175F918600067F7E /* Security.framework in Frameworks */,
				6AEF9DB2175F918000067F7E /* libsqlite3.dylib in Frameworks */,
				6AEF9DB0175F917900067F7E /* AdSupport.framework in Frameworks */,
				6AEF9DAE175F917400067F7E /* Accounts.framework in Frameworks */,
				6AB12AE8175E85810015B732 /* CoreGraphics.framework in Frameworks */,
				6AB12AE6175E85810015B732 /* Foundation.framework in Frameworks */,
				6AEF9DAC175F915200067F7E /* FacebookSDK.framework in Frameworks */,
			);
			runOnlyForDeploymentPostprocessing = 0;
		};
/* End PBXFrameworksBuildPhase section */

/* Begin PBXGroup section */
		6AB12AD7175E85810015B732 = {
			isa = PBXGroup;
			children = (
				6AB12AE9175E85810015B732 /* Ulf */,
				6AB12AE2175E85810015B732 /* Frameworks */,
				6AB12AE1175E85810015B732 /* Products */,
			);
			sourceTree = "<group>";
		};
		6AB12AE1175E85810015B732 /* Products */ = {
			isa = PBXGroup;
			children = (
				6AB12AE0175E85810015B732 /* Ulf.app */,
			);
			name = Products;
			sourceTree = "<group>";
		};
		6AB12AE2175E85810015B732 /* Frameworks */ = {
			isa = PBXGroup;
			children = (
				6AEF9DB5175F918E00067F7E /* Social.framework */,
				6AEF9DB3175F918600067F7E /* Security.framework */,
				6AEF9DB1175F918000067F7E /* libsqlite3.dylib */,
				6AEF9DAF175F917900067F7E /* AdSupport.framework */,
				6AEF9DAD175F917400067F7E /* Accounts.framework */,
				6AEF9DAB175F915200067F7E /* FacebookSDK.framework */,
				6AB12AE3175E85810015B732 /* UIKit.framework */,
				6AB12AE5175E85810015B732 /* Foundation.framework */,
				6AB12AE7175E85810015B732 /* CoreGraphics.framework */,
			);
			name = Frameworks;
			sourceTree = "<group>";
		};
		6AB12AE9175E85810015B732 /* Ulf */ = {
			isa = PBXGroup;
			children = (
				6AB12AFB175E85810015B732 /* MainStoryboard.storyboard */,
				6AEF9DA5175F884800067F7E /* MenuViewController.h */,
				6AEF9DA6175F884800067F7E /* MenuViewController.m */,
				6AB12AFE175E85810015B732 /* LoginViewController.h */,
				6AB12AFF175E85810015B732 /* LoginViewController.m */,
				6AEF9DA4175F86E100067F7E /* Graphics */,
				6AB12AEA175E85810015B732 /* Supporting Files */,
			);
			path = Ulf;
			sourceTree = "<group>";
		};
		6AB12AEA175E85810015B732 /* Supporting Files */ = {
			isa = PBXGroup;
			children = (
				6AB12AF2175E85810015B732 /* AppDelegate.h */,
				6AB12AF3175E85810015B732 /* AppDelegate.m */,
				6AB12AEB175E85810015B732 /* Ulf-Info.plist */,
				6AB12AEC175E85810015B732 /* InfoPlist.strings */,
				6AB12AEF175E85810015B732 /* main.m */,
				6AB12AF1175E85810015B732 /* Ulf-Prefix.pch */,
				6AB12AF5175E85810015B732 /* Default.png */,
				6AB12AF7175E85810015B732 /* Default@2x.png */,
				6AB12AF9175E85810015B732 /* Default-568h@2x.png */,
			);
			name = "Supporting Files";
			sourceTree = "<group>";
		};
		6AEF9DA4175F86E100067F7E /* Graphics */ = {
			isa = PBXGroup;
			children = (
				6A41B79E1760B34B009E81A7 /* FacebookButton.png */,
				6A41B79F1760B34B009E81A7 /* FacebookButton@2x.png */,
				6A41B7A01760B34B009E81A7 /* FacebookButtonPressed.png */,
				6A41B7A11760B34B009E81A7 /* FacebookButtonPressed@2x.png */,
				6A41B78A1760AD50009E81A7 /* UlfLogo.png */,
				6A41B78B1760AD50009E81A7 /* UlfLogo@2x.png */,
				6AB12B06175E88B00015B732 /* logo_ulf.jpg */,
			);
			name = Graphics;
			sourceTree = "<group>";
		};
/* End PBXGroup section */

/* Begin PBXNativeTarget section */
		6AB12ADF175E85810015B732 /* Ulf */ = {
			isa = PBXNativeTarget;
			buildConfigurationList = 6AB12B03175E85810015B732 /* Build configuration list for PBXNativeTarget "Ulf" */;
			buildPhases = (
				6AB12ADC175E85810015B732 /* Sources */,
				6AB12ADD175E85810015B732 /* Frameworks */,
				6AB12ADE175E85810015B732 /* Resources */,
			);
			buildRules = (
			);
			dependencies = (
			);
			name = Ulf;
			productName = Ulf;
			productReference = 6AB12AE0175E85810015B732 /* Ulf.app */;
			productType = "com.apple.product-type.application";
		};
/* End PBXNativeTarget section */

/* Begin PBXProject section */
		6AB12AD8175E85810015B732 /* Project object */ = {
			isa = PBXProject;
			attributes = {
				LastUpgradeCheck = 0460;
				ORGANIZATIONNAME = iDev;
			};
			buildConfigurationList = 6AB12ADB175E85810015B732 /* Build configuration list for PBXProject "Ulf" */;
			compatibilityVersion = "Xcode 3.2";
			developmentRegion = English;
			hasScannedForEncodings = 0;
			knownRegions = (
				en,
			);
			mainGroup = 6AB12AD7175E85810015B732;
			productRefGroup = 6AB12AE1175E85810015B732 /* Products */;
			projectDirPath = "";
			projectRoot = "";
			targets = (
				6AB12ADF175E85810015B732 /* Ulf */,
			);
		};
/* End PBXProject section */

/* Begin PBXResourcesBuildPhase section */
		6AB12ADE175E85810015B732 /* Resources */ = {
			isa = PBXResourcesBuildPhase;
			buildActionMask = 2147483647;
			files = (
				6AB12AEE175E85810015B732 /* InfoPlist.strings in Resources */,
				6AB12AF6175E85810015B732 /* Default.png in Resources */,
				6AB12AF8175E85810015B732 /* Default@2x.png in Resources */,
				6AB12AFA175E85810015B732 /* Default-568h@2x.png in Resources */,
				6AB12AFD175E85810015B732 /* MainStoryboard.storyboard in Resources */,
				6AB12B07175E88B00015B732 /* logo_ulf.jpg in Resources */,
				6A41B78C1760AD50009E81A7 /* UlfLogo.png in Resources */,
				6A41B78D1760AD50009E81A7 /* UlfLogo@2x.png in Resources */,
				6A41B7A21760B34B009E81A7 /* FacebookButton.png in Resources */,
				6A41B7A31760B34B009E81A7 /* FacebookButton@2x.png in Resources */,
				6A41B7A41760B34B009E81A7 /* FacebookButtonPressed.png in Resources */,
				6A41B7A51760B34B009E81A7 /* FacebookButtonPressed@2x.png in Resources */,
			);
			runOnlyForDeploymentPostprocessing = 0;
		};
/* End PBXResourcesBuildPhase section */

/* Begin PBXSourcesBuildPhase section */
		6AB12ADC175E85810015B732 /* Sources */ = {
			isa = PBXSourcesBuildPhase;
			buildActionMask = 2147483647;
			files = (
				6AB12AF0175E85810015B732 /* main.m in Sources */,
				6AB12AF4175E85810015B732 /* AppDelegate.m in Sources */,
				6AB12B00175E85810015B732 /* LoginViewController.m in Sources */,
				6AEF9DA7175F884800067F7E /* MenuViewController.m in Sources */,
			);
			runOnlyForDeploymentPostprocessing = 0;
		};
/* End PBXSourcesBuildPhase section */

/* Begin PBXVariantGroup section */
		6AB12AEC175E85810015B732 /* InfoPlist.strings */ = {
			isa = PBXVariantGroup;
			children = (
				6AB12AED175E85810015B732 /* en */,
			);
			name = InfoPlist.strings;
			sourceTree = "<group>";
		};
		6AB12AFB175E85810015B732 /* MainStoryboard.storyboard */ = {
			isa = PBXVariantGroup;
			children = (
				6AB12AFC175E85810015B732 /* en */,
			);
			name = MainStoryboard.storyboard;
			sourceTree = "<group>";
		};
/* End PBXVariantGroup section */

/* Begin XCBuildConfiguration section */
		6AB12B01175E85810015B732 /* Debug */ = {
			isa = XCBuildConfiguration;
			buildSettings = {
				ALWAYS_SEARCH_USER_PATHS = NO;
				CLANG_CXX_LANGUAGE_STANDARD = "gnu++0x";
				CLANG_CXX_LIBRARY = "libc++";
				CLANG_ENABLE_OBJC_ARC = YES;
				CLANG_WARN_CONSTANT_CONVERSION = YES;
				CLANG_WARN_EMPTY_BODY = YES;
				CLANG_WARN_ENUM_CONVERSION = YES;
				CLANG_WARN_INT_CONVERSION = YES;
				CLANG_WARN__DUPLICATE_METHOD_MATCH = YES;
				"CODE_SIGN_IDENTITY[sdk=iphoneos*]" = "iPhone Developer";
				COPY_PHASE_STRIP = NO;
				GCC_C_LANGUAGE_STANDARD = gnu99;
				GCC_DYNAMIC_NO_PIC = NO;
				GCC_OPTIMIZATION_LEVEL = 0;
				GCC_PREPROCESSOR_DEFINITIONS = (
					"DEBUG=1",
					"$(inherited)",
				);
				GCC_SYMBOLS_PRIVATE_EXTERN = NO;
				GCC_WARN_ABOUT_RETURN_TYPE = YES;
				GCC_WARN_UNINITIALIZED_AUTOS = YES;
				GCC_WARN_UNUSED_VARIABLE = YES;
				IPHONEOS_DEPLOYMENT_TARGET = 6.1;
				ONLY_ACTIVE_ARCH = YES;
				SDKROOT = iphoneos;
			};
			name = Debug;
		};
		6AB12B02175E85810015B732 /* Release */ = {
			isa = XCBuildConfiguration;
			buildSettings = {
				ALWAYS_SEARCH_USER_PATHS = NO;
				CLANG_CXX_LANGUAGE_STANDARD = "gnu++0x";
				CLANG_CXX_LIBRARY = "libc++";
				CLANG_ENABLE_OBJC_ARC = YES;
				CLANG_WARN_CONSTANT_CONVERSION = YES;
				CLANG_WARN_EMPTY_BODY = YES;
				CLANG_WARN_ENUM_CONVERSION = YES;
				CLANG_WARN_INT_CONVERSION = YES;
				CLANG_WARN__DUPLICATE_METHOD_MATCH = YES;
				"CODE_SIGN_IDENTITY[sdk=iphoneos*]" = "iPhone Developer";
				COPY_PHASE_STRIP = YES;
				GCC_C_LANGUAGE_STANDARD = gnu99;
				GCC_WARN_ABOUT_RETURN_TYPE = YES;
				GCC_WARN_UNINITIALIZED_AUTOS = YES;
				GCC_WARN_UNUSED_VARIABLE = YES;
				IPHONEOS_DEPLOYMENT_TARGET = 6.1;
				OTHER_CFLAGS = "-DNS_BLOCK_ASSERTIONS=1";
				SDKROOT = iphoneos;
				VALIDATE_PRODUCT = YES;
			};
			name = Release;
		};
		6AB12B04175E85810015B732 /* Debug */ = {
			isa = XCBuildConfiguration;
			buildSettings = {
				FRAMEWORK_SEARCH_PATHS = (
					"$(inherited)",
					"\"$(SRCROOT)\"",
				);
				GCC_PRECOMPILE_PREFIX_HEADER = YES;
				GCC_PREFIX_HEADER = "Ulf/Ulf-Prefix.pch";
				INFOPLIST_FILE = "Ulf/Ulf-Info.plist";
				PRODUCT_NAME = "$(TARGET_NAME)";
				WRAPPER_EXTENSION = app;
			};
			name = Debug;
		};
		6AB12B05175E85810015B732 /* Release */ = {
			isa = XCBuildConfiguration;
			buildSettings = {
				FRAMEWORK_SEARCH_PATHS = (
					"$(inherited)",
					"\"$(SRCROOT)\"",
				);
				GCC_PRECOMPILE_PREFIX_HEADER = YES;
				GCC_PREFIX_HEADER = "Ulf/Ulf-Prefix.pch";
				INFOPLIST_FILE = "Ulf/Ulf-Info.plist";
				PRODUCT_NAME = "$(TARGET_NAME)";
				WRAPPER_EXTENSION = app;
			};
			name = Release;
		};
/* End XCBuildConfiguration section */

/* Begin XCConfigurationList section */
		6AB12ADB175E85810015B732 /* Build configuration list for PBXProject "Ulf" */ = {
			isa = XCConfigurationList;
			buildConfigurations = (
				6AB12B01175E85810015B732 /* Debug */,
				6AB12B02175E85810015B732 /* Release */,
			);
			defaultConfigurationIsVisible = 0;
			defaultConfigurationName = Release;
		};
		6AB12B03175E85810015B732 /* Build configuration list for PBXNativeTarget "Ulf" */ = {
			isa = XCConfigurationList;
			buildConfigurations = (
				6AB12B04175E85810015B732 /* Debug */,
				6AB12B05175E85810015B732 /* Release */,
			);
			defaultConfigurationIsVisible = 0;
			defaultConfigurationName = Release;
		};
/* End XCConfigurationList section */
	};
	rootObject = 6AB12AD8175E85810015B732 /* Project object */;
}
